lockfileVersion: 5.4

specifiers:
  acorn: ^8.8.0
  acorn-walk: ^8.2.0
  escodegen: ^2.0.0

dependencies:
  acorn: registry.npmmirror.com/acorn/8.8.0
  acorn-walk: registry.npmmirror.com/acorn-walk/8.2.0
  escodegen: registry.npmmirror.com/escodegen/2.0.0

packages:

  registry.npmmirror.com/acorn-walk/8.2.0:
    resolution: {integrity: sha512-k+iyHEuPgSw6SbuDpGQM+06HQUa04DZ3o+F6CSzXMvvI5KMvnaEqXe+YVe555R9nn6GPt404fos4wcgpw12SDA==, registry: https://registry.npm.taobao.org/, tarball: https://registry.npmmirror.com/acorn-walk/-/acorn-walk-8.2.0.tgz}
    name: acorn-walk
    version: 8.2.0
    engines: {node: '>=0.4.0'}
    dev: false

  registry.npmmirror.com/acorn/8.8.0:
    resolution: {integrity: sha512-QOxyigPVrpZ2GXT+PFyZTl6TtOFc5egxHIP9IlQ+RbupQuX4RkT/Bee4/kQuC02Xkzg84JcT7oLYtDIQxp+v7w==, registry: https://registry.npm.taobao.org/, tarball: https://registry.npmmirror.com/acorn/-/acorn-8.8.0.tgz}
    name: acorn
    version: 8.8.0
    engines: {node: '>=0.4.0'}
    hasBin: true
    dev: false

  registry.npmmirror.com/deep-is/0.1.4:
    resolution: {integrity: sha512-oIPzksmTg4/MriiaYGO+okXDT7ztn/w3Eptv/+gSIdMdKsJo0u4CfYNFJPy+4SKMuCqGw2wxnA+URMg3t8a/bQ==, registry: https://registry.npm.taobao.org/, tarball: https://registry.npmmirror.com/deep-is/-/deep-is-0.1.4.tgz}
    name: deep-is
    version: 0.1.4
    dev: false

  registry.npmmirror.com/escodegen/2.0.0:
    resolution: {integrity: sha512-mmHKys/C8BFUGI+MAWNcSYoORYLMdPzjrknd2Vc+bUsjN5bXcr8EhrNB+UTqfL1y3I9c4fw2ihgtMPQLBRiQxw==, registry: https://registry.npm.taobao.org/, tarball: https://registry.npmmirror.com/escodegen/-/escodegen-2.0.0.tgz}
    name: escodegen
    version: 2.0.0
    engines: {node: '>=6.0'}
    hasBin: true
    dependencies:
      esprima: registry.npmmirror.com/esprima/4.0.1
      estraverse: registry.npmmirror.com/estraverse/5.3.0
      esutils: registry.npmmirror.com/esutils/2.0.3
      optionator: registry.npmmirror.com/optionator/0.8.3
    optionalDependencies:
      source-map: registry.npmmirror.com/source-map/0.6.1
    dev: false

  registry.npmmirror.com/esprima/4.0.1:
    resolution: {integrity: sha512-eGuFFw7Upda+g4p+QHvnW0RyTX/SVeJBDM/gCtMARO0cLuT2HcEKnTPvhjV6aGeqrCB/sbNop0Kszm0jsaWU4A==, registry: https://registry.npm.taobao.org/, tarball: https://registry.npmmirror.com/esprima/-/esprima-4.0.1.tgz}
    name: esprima
    version: 4.0.1
    engines: {node: '>=4'}
    hasBin: true
    dev: false

  registry.npmmirror.com/estraverse/5.3.0:
    resolution: {integrity: sha512-MMdARuVEQziNTeJD8DgMqmhwR11BRQ/cBP+pLtYdSTnf3MIO8fFeiINEbX36ZdNlfU/7A9f3gUw49B3oQsvwBA==, registry: https://registry.npm.taobao.org/, tarball: https://registry.npmmirror.com/estraverse/-/estraverse-5.3.0.tgz}
    name: estraverse
    version: 5.3.0
    engines: {node: '>=4.0'}
    dev: false

  registry.npmmirror.com/esutils/2.0.3:
    resolution: {integrity: sha512-kVscqXk4OCp68SZ0dkgEKVi6/8ij300KBWTJq32P/dYeWTSwK41WyTxalN1eRmA5Z9UU/LX9D7FWSmV9SAYx6g==, registry: https://registry.npm.taobao.org/, tarball: https://registry.npmmirror.com/esutils/-/esutils-2.0.3.tgz}
    name: esutils
    version: 2.0.3
    engines: {node: '>=0.10.0'}
    dev: false

  registry.npmmirror.com/fast-levenshtein/2.0.6:
    resolution: {integrity: sha512-DCXu6Ifhqcks7TZKY3Hxp3y6qphY5SJZmrWMDrKcERSOXWQdMhU9Ig/PYrzyw/ul9jOIyh0N4M0tbC5hodg8dw==, registry: https://registry.npm.taobao.org/, tarball: https://registry.npmmirror.com/fast-levenshtein/-/fast-levenshtein-2.0.6.tgz}
    name: fast-levenshtein
    version: 2.0.6
    dev: false

  registry.npmmirror.com/levn/0.3.0:
    resolution: {integrity: sha512-0OO4y2iOHix2W6ujICbKIaEQXvFQHue65vUG3pb5EUomzPI90z9hsA1VsO/dbIIpC53J8gxM9Q4Oho0jrCM/yA==, registry: https://registry.npm.taobao.org/, tarball: https://registry.npmmirror.com/levn/-/levn-0.3.0.tgz}
    name: levn
    version: 0.3.0
    engines: {node: '>= 0.8.0'}
    dependencies:
      prelude-ls: registry.npmmirror.com/prelude-ls/1.1.2
      type-check: registry.npmmirror.com/type-check/0.3.2
    dev: false

  registry.npmmirror.com/optionator/0.8.3:
    resolution: {integrity: sha512-+IW9pACdk3XWmmTXG8m3upGUJst5XRGzxMRjXzAuJ1XnIFNvfhjjIuYkDvysnPQ7qzqVzLt78BCruntqRhWQbA==, registry: https://registry.npm.taobao.org/, tarball: https://registry.npmmirror.com/optionator/-/optionator-0.8.3.tgz}
    name: optionator
    version: 0.8.3
    engines: {node: '>= 0.8.0'}
    dependencies:
      deep-is: registry.npmmirror.com/deep-is/0.1.4
      fast-levenshtein: registry.npmmirror.com/fast-levenshtein/2.0.6
      levn: registry.npmmirror.com/levn/0.3.0
      prelude-ls: registry.npmmirror.com/prelude-ls/1.1.2
      type-check: registry.npmmirror.com/type-check/0.3.2
      word-wrap: registry.npmmirror.com/word-wrap/1.2.3
    dev: false

  registry.npmmirror.com/prelude-ls/1.1.2:
    resolution: {integrity: sha512-ESF23V4SKG6lVSGZgYNpbsiaAkdab6ZgOxe52p7+Kid3W3u3bxR4Vfd/o21dmN7jSt0IwgZ4v5MUd26FEtXE9w==, registry: https://registry.npm.taobao.org/, tarball: https://registry.npmmirror.com/prelude-ls/-/prelude-ls-1.1.2.tgz}
    name: prelude-ls
    version: 1.1.2
    engines: {node: '>= 0.8.0'}
    dev: false

  registry.npmmirror.com/source-map/0.6.1:
    resolution: {integrity: sha512-UjgapumWlbMhkBgzT7Ykc5YXUT46F0iKu8SGXq0bcwP5dz/h0Plj6enJqjz1Zbq2l5WaqYnrVbwWOWMyF3F47g==, registry: https://registry.npm.taobao.org/, tarball: https://registry.npmmirror.com/source-map/-/source-map-0.6.1.tgz}
    name: source-map
    version: 0.6.1
    engines: {node: '>=0.10.0'}
    requiresBuild: true
    dev: false
    optional: true

  registry.npmmirror.com/type-check/0.3.2:
    resolution: {integrity: sha512-ZCmOJdvOWDBYJlzAoFkC+Q0+bUyEOS1ltgp1MGU03fqHG+dbi9tBFU2Rd9QKiDZFAYrhPh2JUf7rZRIuHRKtOg==, registry: https://registry.npm.taobao.org/, tarball: https://registry.npmmirror.com/type-check/-/type-check-0.3.2.tgz}
    name: type-check
    version: 0.3.2
    engines: {node: '>= 0.8.0'}
    dependencies:
      prelude-ls: registry.npmmirror.com/prelude-ls/1.1.2
    dev: false

  registry.npmmirror.com/word-wrap/1.2.3:
    resolution: {integrity: sha512-Hz/mrNwitNRh/HUAtM/VT/5VH+ygD6DV7mYKZAtHOrbs8U7lvPS6xf7EJKMF0uW1KJCl0H701g3ZGus+muE5vQ==, registry: https://registry.npm.taobao.org/, tarball: https://registry.npmmirror.com/word-wrap/-/word-wrap-1.2.3.tgz}
    name: word-wrap
    version: 1.2.3
    engines: {node: '>=0.10.0'}
    dev: false
